{
    "_meta": {
        "hash": {
            "sha256": "ce595a5ec323d96d839d96d1a0d681018f3d3338601da411bdfcaae9d5336a3b"
        },
        "pipfile-spec": 6,
        "requires": {
            "python_version": "3.7"
        },
        "sources": [
            {
                "name": "pypi",
                "url": "https://pypi.org/simple",
                "verify_ssl": true
            }
        ]
    },
    "default": {
        "exifread": {
            "hashes": [
                "sha256:4aa9d227db5c4cd65d87520076140a6f84e33363e08e649b87c7afec6bab60ab",
                "sha256:79e244f2eb466709029e8806fe5e2cdd557870c3db5f68954db0ef548d9320ad"
            ],
            "index": "pypi",
            "version": "==2.1.2"
        },
        "pyexifinfo": {
            "hashes": [
                "sha256:578b34b3c593fe77bbe6b62588f9f2ec679dca63f7d486148c9a6ff1fdd4bdc9"
            ],
            "index": "pypi",
            "version": "==0.4.0"
        }
    },
    "develop": {}
}
